
Microsoft Visual Studio Solution File, Format Version 12.00
# Visual Studio Version 16
VisualStudioVersion = 16.0.31005.135
MinimumVisualStudioVersion = 10.0.40219.1
Project("{F184B08F-C81C-45F6-A57F-5ABD9991F28F}") = "Petland", "Petland\Petland.vbproj", "{9BF5E707-7609-4117-BFED-E7EF24A1060F}"
EndProject
Global
	GlobalSection(SolutionConfigurationPlatforms) = preSolution
		Debug|Any CPU = Debug|Any CPU
		Release|Any CPU = Release|Any CPU
	EndGlobalSection
	GlobalSection(ProjectConfigurationPlatforms) = postSolution
		{9BF5E707-7609-4117-BFED-E7EF24A1060F}.Debug|Any CPU.ActiveCfg = Debug|Any CPU
		{9BF5E707-7609-4117-BFED-E7EF24A1060F}.Debug|Any CPU.Build.0 = Debug|Any CPU
		{9BF5E707-7609-4117-BFED-E7EF24A1060F}.Release|Any CPU.ActiveCfg = Release|Any CPU
		{9BF5E707-7609-4117-BFED-E7EF24A1060F}.Release|Any CPU.Build.0 = Release|Any CPU
	EndGlobalSection
	GlobalSection(SolutionProperties) = preSolution
		HideSolutionNode = FALSE
	EndGlobalSection
	GlobalSection(ExtensibilityGlobals) = postSolution
		SolutionGuid = {91AAD665-70A5-4FF9-A12F-83DD2B7970C9}
	EndGlobalSection
EndGlobal
